
Microsoft Visual Studio Solution File, Format Version 12.00
# Visual Studio Version 17
VisualStudioVersion = 17.12.35514.174
MinimumVisualStudioVersion = 10.0.40219.1
Project("{2150E333-8FDC-42A3-9474-1A3956D46DE8}") = "src", "src", "{397A784D-16D0-4DC2-8609-3EE0EF18998F}"
EndProject
Project("{2150E333-8FDC-42A3-9474-1A3956D46DE8}") = "tests", "tests", "{A26C0EB7-E4A7-4335-8423-E8AEE9EF1738}"
EndProject
Project("{2150E333-8FDC-42A3-9474-1A3956D46DE8}") = "Solution Items", "Solution Items", "{5B1FED39-FC54-4EF3-8748-6464DF89C5EA}"
	ProjectSection(SolutionItems) = preProject
		LICENSE.txt = LICENSE.txt
		README.md = README.md
	EndProjectSection
EndProject
Project("{FAE04EC0-301F-11D3-BF4B-00C04F79EFBC}") = "Moongazing.OrionGuard", "src\Moongazing.OrionGuard\Moongazing.OrionGuard.csproj", "{0F64A4DD-F6F0-4F57-BC0C-2E94D8E45450}"
EndProject
Project("{FAE04EC0-301F-11D3-BF4B-00C04F79EFBC}") = "Moongazing.OrionGuard.Tests", "tests\Moongazing.OrionGuard.Tests\Moongazing.OrionGuard.Tests.csproj", "{0E0B58CD-694D-43EE-91B5-82CD7ADB8144}"
EndProject
Project("{2150E333-8FDC-42A3-9474-1A3956D46DE8}") = "demo", "demo", "{A39C23D2-F2C0-258D-165A-CF1E7FEE6E7B}"
EndProject
Project("{FAE04EC0-301F-11D3-BF4B-00C04F79EFBC}") = "Moongazing.OrionGuard.Demo", "demo\Moongazing.OrionGuard.Demo\Moongazing.OrionGuard.Demo.csproj", "{76655A13-2DE8-4E8D-9174-66A6D457388B}"
EndProject
Project("{FAE04EC0-301F-11D3-BF4B-00C04F79EFBC}") = "Moongazing.OrionGuard.AspNetCore", "src\Moongazing.OrionGuard.AspNetCore\Moongazing.OrionGuard.AspNetCore.csproj", "{C8D2970C-43F6-4CEF-BB0B-F311BB670E36}"
EndProject
Project("{FAE04EC0-301F-11D3-BF4B-00C04F79EFBC}") = "Moongazing.OrionGuard.Swagger", "src\Moongazing.OrionGuard.Swagger\Moongazing.OrionGuard.Swagger.csproj", "{7125C0BF-FD0B-4E57-9D78-D1571B603D7F}"
EndProject
Project("{FAE04EC0-301F-11D3-BF4B-00C04F79EFBC}") = "Moongazing.OrionGuard.MediatR", "src\Moongazing.OrionGuard.MediatR\Moongazing.OrionGuard.MediatR.csproj", "{38CE8CD1-9530-438A-A945-E4DDA34295C5}"
EndProject
Project("{2150E333-8FDC-42A3-9474-1A3956D46DE8}") = "benchmarks", "benchmarks", "{66320409-64EC-F7C5-3DEF-65E7510DAAD1}"
EndProject
Project("{FAE04EC0-301F-11D3-BF4B-00C04F79EFBC}") = "Moongazing.OrionGuard.Benchmarks", "benchmarks\Moongazing.OrionGuard.Benchmarks\Moongazing.OrionGuard.Benchmarks.csproj", "{AD3C2A5B-32B1-49EB-9CE8-961BE72760C9}"
EndProject
Project("{FAE04EC0-301F-11D3-BF4B-00C04F79EFBC}") = "Moongazing.OrionGuard.OpenTelemetry", "src\Moongazing.OrionGuard.OpenTelemetry\Moongazing.OrionGuard.OpenTelemetry.csproj", "{C6A2E217-BF4C-4968-AAF1-978C025AC6AA}"
EndProject
Project("{FAE04EC0-301F-11D3-BF4B-00C04F79EFBC}") = "Moongazing.OrionGuard.Generators", "src\Moongazing.OrionGuard.Generators\Moongazing.OrionGuard.Generators.csproj", "{47BEFB1A-1D7A-4A6B-A462-A5C6B440B079}"
EndProject
Project("{FAE04EC0-301F-11D3-BF4B-00C04F79EFBC}") = "Moongazing.OrionGuard.Grpc", "src\Moongazing.OrionGuard.Grpc\Moongazing.OrionGuard.Grpc.csproj", "{215C0684-B6E0-4569-BC10-08C64F6CE496}"
EndProject
Project("{FAE04EC0-301F-11D3-BF4B-00C04F79EFBC}") = "Moongazing.OrionGuard.Blazor", "src\Moongazing.OrionGuard.Blazor\Moongazing.OrionGuard.Blazor.csproj", "{203C5AD7-5E3C-430C-A8E4-E6F386ECFCB8}"
EndProject
Project("{FAE04EC0-301F-11D3-BF4B-00C04F79EFBC}") = "Moongazing.OrionGuard.SignalR", "src\Moongazing.OrionGuard.SignalR\Moongazing.OrionGuard.SignalR.csproj", "{34F88DED-049C-4B87-81AB-F7F69EA59684}"
EndProject
Global
	GlobalSection(SolutionConfigurationPlatforms) = preSolution
		Debug|Any CPU = Debug|Any CPU
		Debug|x64 = Debug|x64
		Debug|x86 = Debug|x86
		Release|Any CPU = Release|Any CPU
		Release|x64 = Release|x64
		Release|x86 = Release|x86
	EndGlobalSection
	GlobalSection(ProjectConfigurationPlatforms) = postSolution
		{0F64A4DD-F6F0-4F57-BC0C-2E94D8E45450}.Debug|Any CPU.ActiveCfg = Debug|Any CPU
		{0F64A4DD-F6F0-4F57-BC0C-2E94D8E45450}.Debug|Any CPU.Build.0 = Debug|Any CPU
		{0F64A4DD-F6F0-4F57-BC0C-2E94D8E45450}.Debug|x64.ActiveCfg = Debug|Any CPU
		{0F64A4DD-F6F0-4F57-BC0C-2E94D8E45450}.Debug|x64.Build.0 = Debug|Any CPU
		{0F64A4DD-F6F0-4F57-BC0C-2E94D8E45450}.Debug|x86.ActiveCfg = Debug|Any CPU
		{0F64A4DD-F6F0-4F57-BC0C-2E94D8E45450}.Debug|x86.Build.0 = Debug|Any CPU
		{0F64A4DD-F6F0-4F57-BC0C-2E94D8E45450}.Release|Any CPU.ActiveCfg = Release|Any CPU
		{0F64A4DD-F6F0-4F57-BC0C-2E94D8E45450}.Release|Any CPU.Build.0 = Release|Any CPU
		{0F64A4DD-F6F0-4F57-BC0C-2E94D8E45450}.Release|x64.ActiveCfg = Release|Any CPU
		{0F64A4DD-F6F0-4F57-BC0C-2E94D8E45450}.Release|x64.Build.0 = Release|Any CPU
		{0F64A4DD-F6F0-4F57-BC0C-2E94D8E45450}.Release|x86.ActiveCfg = Release|Any CPU
		{0F64A4DD-F6F0-4F57-BC0C-2E94D8E45450}.Release|x86.Build.0 = Release|Any CPU
		{0E0B58CD-694D-43EE-91B5-82CD7ADB8144}.Debug|Any CPU.ActiveCfg = Debug|Any CPU
		{0E0B58CD-694D-43EE-91B5-82CD7ADB8144}.Debug|Any CPU.Build.0 = Debug|Any CPU
		{0E0B58CD-694D-43EE-91B5-82CD7ADB8144}.Debug|x64.ActiveCfg = Debug|Any CPU
		{0E0B58CD-694D-43EE-91B5-82CD7ADB8144}.Debug|x64.Build.0 = Debug|Any CPU
		{0E0B58CD-694D-43EE-91B5-82CD7ADB8144}.Debug|x86.ActiveCfg = Debug|Any CPU
		{0E0B58CD-694D-43EE-91B5-82CD7ADB8144}.Debug|x86.Build.0 = Debug|Any CPU
		{0E0B58CD-694D-43EE-91B5-82CD7ADB8144}.Release|Any CPU.ActiveCfg = Release|Any CPU
		{0E0B58CD-694D-43EE-91B5-82CD7ADB8144}.Release|Any CPU.Build.0 = Release|Any CPU
		{0E0B58CD-694D-43EE-91B5-82CD7ADB8144}.Release|x64.ActiveCfg = Release|Any CPU
		{0E0B58CD-694D-43EE-91B5-82CD7ADB8144}.Release|x64.Build.0 = Release|Any CPU
		{0E0B58CD-694D-43EE-91B5-82CD7ADB8144}.Release|x86.ActiveCfg = Release|Any CPU
		{0E0B58CD-694D-43EE-91B5-82CD7ADB8144}.Release|x86.Build.0 = Release|Any CPU
		{76655A13-2DE8-4E8D-9174-66A6D457388B}.Debug|Any CPU.ActiveCfg = Debug|Any CPU
		{76655A13-2DE8-4E8D-9174-66A6D457388B}.Debug|Any CPU.Build.0 = Debug|Any CPU
		{76655A13-2DE8-4E8D-9174-66A6D457388B}.Debug|x64.ActiveCfg = Debug|Any CPU
		{76655A13-2DE8-4E8D-9174-66A6D457388B}.Debug|x64.Build.0 = Debug|Any CPU
		{76655A13-2DE8-4E8D-9174-66A6D457388B}.Debug|x86.ActiveCfg = Debug|Any CPU
		{76655A13-2DE8-4E8D-9174-66A6D457388B}.Debug|x86.Build.0 = Debug|Any CPU
		{76655A13-2DE8-4E8D-9174-66A6D457388B}.Release|Any CPU.ActiveCfg = Release|Any CPU
		{76655A13-2DE8-4E8D-9174-66A6D457388B}.Release|Any CPU.Build.0 = Release|Any CPU
		{76655A13-2DE8-4E8D-9174-66A6D457388B}.Release|x64.ActiveCfg = Release|Any CPU
		{76655A13-2DE8-4E8D-9174-66A6D457388B}.Release|x64.Build.0 = Release|Any CPU
		{76655A13-2DE8-4E8D-9174-66A6D457388B}.Release|x86.ActiveCfg = Release|Any CPU
		{76655A13-2DE8-4E8D-9174-66A6D457388B}.Release|x86.Build.0 = Release|Any CPU
		{C8D2970C-43F6-4CEF-BB0B-F311BB670E36}.Debug|Any CPU.ActiveCfg = Debug|Any CPU
		{C8D2970C-43F6-4CEF-BB0B-F311BB670E36}.Debug|Any CPU.Build.0 = Debug|Any CPU
		{C8D2970C-43F6-4CEF-BB0B-F311BB670E36}.Debug|x64.ActiveCfg = Debug|Any CPU
		{C8D2970C-43F6-4CEF-BB0B-F311BB670E36}.Debug|x64.Build.0 = Debug|Any CPU
		{C8D2970C-43F6-4CEF-BB0B-F311BB670E36}.Debug|x86.ActiveCfg = Debug|Any CPU
		{C8D2970C-43F6-4CEF-BB0B-F311BB670E36}.Debug|x86.Build.0 = Debug|Any CPU
		{C8D2970C-43F6-4CEF-BB0B-F311BB670E36}.Release|Any CPU.ActiveCfg = Release|Any CPU
		{C8D2970C-43F6-4CEF-BB0B-F311BB670E36}.Release|Any CPU.Build.0 = Release|Any CPU
		{C8D2970C-43F6-4CEF-BB0B-F311BB670E36}.Release|x64.ActiveCfg = Release|Any CPU
		{C8D2970C-43F6-4CEF-BB0B-F311BB670E36}.Release|x64.Build.0 = Release|Any CPU
		{C8D2970C-43F6-4CEF-BB0B-F311BB670E36}.Release|x86.ActiveCfg = Release|Any CPU
		{C8D2970C-43F6-4CEF-BB0B-F311BB670E36}.Release|x86.Build.0 = Release|Any CPU
		{7125C0BF-FD0B-4E57-9D78-D1571B603D7F}.Debug|Any CPU.ActiveCfg = Debug|Any CPU
		{7125C0BF-FD0B-4E57-9D78-D1571B603D7F}.Debug|Any CPU.Build.0 = Debug|Any CPU
		{7125C0BF-FD0B-4E57-9D78-D1571B603D7F}.Debug|x64.ActiveCfg = Debug|Any CPU
		{7125C0BF-FD0B-4E57-9D78-D1571B603D7F}.Debug|x64.Build.0 = Debug|Any CPU
		{7125C0BF-FD0B-4E57-9D78-D1571B603D7F}.Debug|x86.ActiveCfg = Debug|Any CPU
		{7125C0BF-FD0B-4E57-9D78-D1571B603D7F}.Debug|x86.Build.0 = Debug|Any CPU
		{7125C0BF-FD0B-4E57-9D78-D1571B603D7F}.Release|Any CPU.ActiveCfg = Release|Any CPU
		{7125C0BF-FD0B-4E57-9D78-D1571B603D7F}.Release|Any CPU.Build.0 = Release|Any CPU
		{7125C0BF-FD0B-4E57-9D78-D1571B603D7F}.Release|x64.ActiveCfg = Release|Any CPU
		{7125C0BF-FD0B-4E57-9D78-D1571B603D7F}.Release|x64.Build.0 = Release|Any CPU
		{7125C0BF-FD0B-4E57-9D78-D1571B603D7F}.Release|x86.ActiveCfg = Release|Any CPU
		{7125C0BF-FD0B-4E57-9D78-D1571B603D7F}.Release|x86.Build.0 = Release|Any CPU
		{38CE8CD1-9530-438A-A945-E4DDA34295C5}.Debug|Any CPU.ActiveCfg = Debug|Any CPU
		{38CE8CD1-9530-438A-A945-E4DDA34295C5}.Debug|Any CPU.Build.0 = Debug|Any CPU
		{38CE8CD1-9530-438A-A945-E4DDA34295C5}.Debug|x64.ActiveCfg = Debug|Any CPU
		{38CE8CD1-9530-438A-A945-E4DDA34295C5}.Debug|x64.Build.0 = Debug|Any CPU
		{38CE8CD1-9530-438A-A945-E4DDA34295C5}.Debug|x86.ActiveCfg = Debug|Any CPU
		{38CE8CD1-9530-438A-A945-E4DDA34295C5}.Debug|x86.Build.0 = Debug|Any CPU
		{38CE8CD1-9530-438A-A945-E4DDA34295C5}.Release|Any CPU.ActiveCfg = Release|Any CPU
		{38CE8CD1-9530-438A-A945-E4DDA34295C5}.Release|Any CPU.Build.0 = Release|Any CPU
		{38CE8CD1-9530-438A-A945-E4DDA34295C5}.Release|x64.ActiveCfg = Release|Any CPU
		{38CE8CD1-9530-438A-A945-E4DDA34295C5}.Release|x64.Build.0 = Release|Any CPU
		{38CE8CD1-9530-438A-A945-E4DDA34295C5}.Release|x86.ActiveCfg = Release|Any CPU
		{38CE8CD1-9530-438A-A945-E4DDA34295C5}.Release|x86.Build.0 = Release|Any CPU
		{AD3C2A5B-32B1-49EB-9CE8-961BE72760C9}.Debug|Any CPU.ActiveCfg = Debug|Any CPU
		{AD3C2A5B-32B1-49EB-9CE8-961BE72760C9}.Debug|Any CPU.Build.0 = Debug|Any CPU
		{AD3C2A5B-32B1-49EB-9CE8-961BE72760C9}.Debug|x64.ActiveCfg = Debug|Any CPU
		{AD3C2A5B-32B1-49EB-9CE8-961BE72760C9}.Debug|x64.Build.0 = Debug|Any CPU
		{AD3C2A5B-32B1-49EB-9CE8-961BE72760C9}.Debug|x86.ActiveCfg = Debug|Any CPU
		{AD3C2A5B-32B1-49EB-9CE8-961BE72760C9}.Debug|x86.Build.0 = Debug|Any CPU
		{AD3C2A5B-32B1-49EB-9CE8-961BE72760C9}.Release|Any CPU.ActiveCfg = Release|Any CPU
		{AD3C2A5B-32B1-49EB-9CE8-961BE72760C9}.Release|Any CPU.Build.0 = Release|Any CPU
		{AD3C2A5B-32B1-49EB-9CE8-961BE72760C9}.Release|x64.ActiveCfg = Release|Any CPU
		{AD3C2A5B-32B1-49EB-9CE8-961BE72760C9}.Release|x64.Build.0 = Release|Any CPU
		{AD3C2A5B-32B1-49EB-9CE8-961BE72760C9}.Release|x86.ActiveCfg = Release|Any CPU
		{AD3C2A5B-32B1-49EB-9CE8-961BE72760C9}.Release|x86.Build.0 = Release|Any CPU
		{C6A2E217-BF4C-4968-AAF1-978C025AC6AA}.Debug|Any CPU.ActiveCfg = Debug|Any CPU
		{C6A2E217-BF4C-4968-AAF1-978C025AC6AA}.Debug|Any CPU.Build.0 = Debug|Any CPU
		{C6A2E217-BF4C-4968-AAF1-978C025AC6AA}.Debug|x64.ActiveCfg = Debug|Any CPU
		{C6A2E217-BF4C-4968-AAF1-978C025AC6AA}.Debug|x64.Build.0 = Debug|Any CPU
		{C6A2E217-BF4C-4968-AAF1-978C025AC6AA}.Debug|x86.ActiveCfg = Debug|Any CPU
		{C6A2E217-BF4C-4968-AAF1-978C025AC6AA}.Debug|x86.Build.0 = Debug|Any CPU
		{C6A2E217-BF4C-4968-AAF1-978C025AC6AA}.Release|Any CPU.ActiveCfg = Release|Any CPU
		{C6A2E217-BF4C-4968-AAF1-978C025AC6AA}.Release|Any CPU.Build.0 = Release|Any CPU
		{C6A2E217-BF4C-4968-AAF1-978C025AC6AA}.Release|x64.ActiveCfg = Release|Any CPU
		{C6A2E217-BF4C-4968-AAF1-978C025AC6AA}.Release|x64.Build.0 = Release|Any CPU
		{C6A2E217-BF4C-4968-AAF1-978C025AC6AA}.Release|x86.ActiveCfg = Release|Any CPU
		{C6A2E217-BF4C-4968-AAF1-978C025AC6AA}.Release|x86.Build.0 = Release|Any CPU
		{47BEFB1A-1D7A-4A6B-A462-A5C6B440B079}.Debug|Any CPU.ActiveCfg = Debug|Any CPU
		{47BEFB1A-1D7A-4A6B-A462-A5C6B440B079}.Debug|Any CPU.Build.0 = Debug|Any CPU
		{47BEFB1A-1D7A-4A6B-A462-A5C6B440B079}.Debug|x64.ActiveCfg = Debug|Any CPU
		{47BEFB1A-1D7A-4A6B-A462-A5C6B440B079}.Debug|x64.Build.0 = Debug|Any CPU
		{47BEFB1A-1D7A-4A6B-A462-A5C6B440B079}.Debug|x86.ActiveCfg = Debug|Any CPU
		{47BEFB1A-1D7A-4A6B-A462-A5C6B440B079}.Debug|x86.Build.0 = Debug|Any CPU
		{47BEFB1A-1D7A-4A6B-A462-A5C6B440B079}.Release|Any CPU.ActiveCfg = Release|Any CPU
		{47BEFB1A-1D7A-4A6B-A462-A5C6B440B079}.Release|Any CPU.Build.0 = Release|Any CPU
		{47BEFB1A-1D7A-4A6B-A462-A5C6B440B079}.Release|x64.ActiveCfg = Release|Any CPU
		{47BEFB1A-1D7A-4A6B-A462-A5C6B440B079}.Release|x64.Build.0 = Release|Any CPU
		{47BEFB1A-1D7A-4A6B-A462-A5C6B440B079}.Release|x86.ActiveCfg = Release|Any CPU
		{47BEFB1A-1D7A-4A6B-A462-A5C6B440B079}.Release|x86.Build.0 = Release|Any CPU
		{215C0684-B6E0-4569-BC10-08C64F6CE496}.Debug|Any CPU.ActiveCfg = Debug|Any CPU
		{215C0684-B6E0-4569-BC10-08C64F6CE496}.Debug|Any CPU.Build.0 = Debug|Any CPU
		{215C0684-B6E0-4569-BC10-08C64F6CE496}.Debug|x64.ActiveCfg = Debug|Any CPU
		{215C0684-B6E0-4569-BC10-08C64F6CE496}.Debug|x64.Build.0 = Debug|Any CPU
		{215C0684-B6E0-4569-BC10-08C64F6CE496}.Debug|x86.ActiveCfg = Debug|Any CPU
		{215C0684-B6E0-4569-BC10-08C64F6CE496}.Debug|x86.Build.0 = Debug|Any CPU
		{215C0684-B6E0-4569-BC10-08C64F6CE496}.Release|Any CPU.ActiveCfg = Release|Any CPU
		{215C0684-B6E0-4569-BC10-08C64F6CE496}.Release|Any CPU.Build.0 = Release|Any CPU
		{215C0684-B6E0-4569-BC10-08C64F6CE496}.Release|x64.ActiveCfg = Release|Any CPU
		{215C0684-B6E0-4569-BC10-08C64F6CE496}.Release|x64.Build.0 = Release|Any CPU
		{215C0684-B6E0-4569-BC10-08C64F6CE496}.Release|x86.ActiveCfg = Release|Any CPU
		{215C0684-B6E0-4569-BC10-08C64F6CE496}.Release|x86.Build.0 = Release|Any CPU
		{203C5AD7-5E3C-430C-A8E4-E6F386ECFCB8}.Debug|Any CPU.ActiveCfg = Debug|Any CPU
		{203C5AD7-5E3C-430C-A8E4-E6F386ECFCB8}.Debug|Any CPU.Build.0 = Debug|Any CPU
		{203C5AD7-5E3C-430C-A8E4-E6F386ECFCB8}.Debug|x64.ActiveCfg = Debug|Any CPU
		{203C5AD7-5E3C-430C-A8E4-E6F386ECFCB8}.Debug|x64.Build.0 = Debug|Any CPU
		{203C5AD7-5E3C-430C-A8E4-E6F386ECFCB8}.Debug|x86.ActiveCfg = Debug|Any CPU
		{203C5AD7-5E3C-430C-A8E4-E6F386ECFCB8}.Debug|x86.Build.0 = Debug|Any CPU
		{203C5AD7-5E3C-430C-A8E4-E6F386ECFCB8}.Release|Any CPU.ActiveCfg = Release|Any CPU
		{203C5AD7-5E3C-430C-A8E4-E6F386ECFCB8}.Release|Any CPU.Build.0 = Release|Any CPU
		{203C5AD7-5E3C-430C-A8E4-E6F386ECFCB8}.Release|x64.ActiveCfg = Release|Any CPU
		{203C5AD7-5E3C-430C-A8E4-E6F386ECFCB8}.Release|x64.Build.0 = Release|Any CPU
		{203C5AD7-5E3C-430C-A8E4-E6F386ECFCB8}.Release|x86.ActiveCfg = Release|Any CPU
		{203C5AD7-5E3C-430C-A8E4-E6F386ECFCB8}.Release|x86.Build.0 = Release|Any CPU
		{34F88DED-049C-4B87-81AB-F7F69EA59684}.Debug|Any CPU.ActiveCfg = Debug|Any CPU
		{34F88DED-049C-4B87-81AB-F7F69EA59684}.Debug|Any CPU.Build.0 = Debug|Any CPU
		{34F88DED-049C-4B87-81AB-F7F69EA59684}.Debug|x64.ActiveCfg = Debug|Any CPU
		{34F88DED-049C-4B87-81AB-F7F69EA59684}.Debug|x64.Build.0 = Debug|Any CPU
		{34F88DED-049C-4B87-81AB-F7F69EA59684}.Debug|x86.ActiveCfg = Debug|Any CPU
		{34F88DED-049C-4B87-81AB-F7F69EA59684}.Debug|x86.Build.0 = Debug|Any CPU
		{34F88DED-049C-4B87-81AB-F7F69EA59684}.Release|Any CPU.ActiveCfg = Release|Any CPU
		{34F88DED-049C-4B87-81AB-F7F69EA59684}.Release|Any CPU.Build.0 = Release|Any CPU
		{34F88DED-049C-4B87-81AB-F7F69EA59684}.Release|x64.ActiveCfg = Release|Any CPU
		{34F88DED-049C-4B87-81AB-F7F69EA59684}.Release|x64.Build.0 = Release|Any CPU
		{34F88DED-049C-4B87-81AB-F7F69EA59684}.Release|x86.ActiveCfg = Release|Any CPU
		{34F88DED-049C-4B87-81AB-F7F69EA59684}.Release|x86.Build.0 = Release|Any CPU
	EndGlobalSection
	GlobalSection(SolutionProperties) = preSolution
		HideSolutionNode = FALSE
	EndGlobalSection
	GlobalSection(NestedProjects) = preSolution
		{0F64A4DD-F6F0-4F57-BC0C-2E94D8E45450} = {397A784D-16D0-4DC2-8609-3EE0EF18998F}
		{0E0B58CD-694D-43EE-91B5-82CD7ADB8144} = {A26C0EB7-E4A7-4335-8423-E8AEE9EF1738}
		{76655A13-2DE8-4E8D-9174-66A6D457388B} = {A39C23D2-F2C0-258D-165A-CF1E7FEE6E7B}
		{C8D2970C-43F6-4CEF-BB0B-F311BB670E36} = {397A784D-16D0-4DC2-8609-3EE0EF18998F}
		{7125C0BF-FD0B-4E57-9D78-D1571B603D7F} = {397A784D-16D0-4DC2-8609-3EE0EF18998F}
		{38CE8CD1-9530-438A-A945-E4DDA34295C5} = {397A784D-16D0-4DC2-8609-3EE0EF18998F}
		{AD3C2A5B-32B1-49EB-9CE8-961BE72760C9} = {66320409-64EC-F7C5-3DEF-65E7510DAAD1}
		{C6A2E217-BF4C-4968-AAF1-978C025AC6AA} = {397A784D-16D0-4DC2-8609-3EE0EF18998F}
		{47BEFB1A-1D7A-4A6B-A462-A5C6B440B079} = {397A784D-16D0-4DC2-8609-3EE0EF18998F}
		{215C0684-B6E0-4569-BC10-08C64F6CE496} = {397A784D-16D0-4DC2-8609-3EE0EF18998F}
		{203C5AD7-5E3C-430C-A8E4-E6F386ECFCB8} = {397A784D-16D0-4DC2-8609-3EE0EF18998F}
		{34F88DED-049C-4B87-81AB-F7F69EA59684} = {397A784D-16D0-4DC2-8609-3EE0EF18998F}
	EndGlobalSection
EndGlobal
